PODS:
  - Brightcove-Player-SDK (4.1.10):
    - ReactiveCocoa (~> 2.1)
  - ReactiveCocoa (2.3.1):
    - ReactiveCocoa/UI
  - ReactiveCocoa/Core (2.3.1):
    - ReactiveCocoa/no-arc
  - ReactiveCocoa/no-arc (2.3.1)
  - ReactiveCocoa/UI (2.3.1):
    - ReactiveCocoa/Core

DEPENDENCIES:
  - Brightcove-Player-SDK

SPEC CHECKSUMS:
  Brightcove-Player-SDK: fac8196b611cf2e252d9dc7d3429335fecd7c285
  ReactiveCocoa: dca75777b9d18990c8714a3a6f2149f29b4d1462

COCOAPODS: 0.33.1
